
Microsoft Visual Studio Solution File, Format Version 12.00
# Visual Studio 2012
Project("{FAE04EC0-301F-11D3-BF4B-00C04F79EFBC}") = "Robot24", "Robot24\Robot24.csproj", "{A69B69DC-9D3F-4723-BFBB-61BF975B43B3}"
EndProject
Project("{2150E333-8FDC-42A3-9474-1A3956D46DE8}") = "Referenced Assemblies", "Referenced Assemblies", "{5ED9713F-DB46-4084-AC99-29E92A6F3556}"
	ProjectSection(SolutionItems) = preProject
		Referenced Assemblies\robocode.dll = Referenced Assemblies\robocode.dll
	EndProjectSection
EndProject
Global
	GlobalSection(SolutionConfigurationPlatforms) = preSolution
		Debug|Any CPU = Debug|Any CPU
		Release|Any CPU = Release|Any CPU
	EndGlobalSection
	GlobalSection(ProjectConfigurationPlatforms) = postSolution
		{A69B69DC-9D3F-4723-BFBB-61BF975B43B3}.Debug|Any CPU.ActiveCfg = Debug|Any CPU
		{A69B69DC-9D3F-4723-BFBB-61BF975B43B3}.Debug|Any CPU.Build.0 = Debug|Any CPU
		{A69B69DC-9D3F-4723-BFBB-61BF975B43B3}.Release|Any CPU.ActiveCfg = Release|Any CPU
		{A69B69DC-9D3F-4723-BFBB-61BF975B43B3}.Release|Any CPU.Build.0 = Release|Any CPU
	EndGlobalSection
	GlobalSection(SolutionProperties) = preSolution
		HideSolutionNode = FALSE
	EndGlobalSection
EndGlobal
